{
  "name": "frontend",
  "version": "1.0.0",
  "lockfileVersion": 2,
  "requires": true,
  "packages": {
    "": {
      "name": "frontend",
      "version": "1.0.0",
      "license": "ISC",
      "dependencies": {
        "@opentelemetry/api": "^1.0.3",
        "@opentelemetry/auto-instrumentations-web": "^0.25.0",
        "@opentelemetry/instrumentation-user-interaction": "^0.25.0",
        "@opentelemetry/resources": "^1.0.0",
        "@opentelemetry/semantic-conventions": "^1.0.0",
        "zone.js": "^0.11.4"
      }
    },
    "node_modules/@opentelemetry/api": {
      "version": "1.0.3",
      "resolved": "https://registry.npmjs.org/@opentelemetry/api/-/api-1.0.3.tgz",
      "integrity": "sha512-puWxACExDe9nxbBB3lOymQFrLYml2dVOrd7USiVRnSbgXE+KwBu+HxFvxrzfqsiSda9IWsXJG1ef7C1O2/GmKQ==",
      "engines": {
        "node": ">=8.0.0"
      }
    },
    "node_modules/@opentelemetry/api-metrics": {
      "version": "0.25.0",
      "resolved": "https://registry.npmjs.org/@opentelemetry/api-metrics/-/api-metrics-0.25.0.tgz",
      "integrity": "sha512-9T0c9NQAEGRujUC7HzPa2/qZ5px/UvB2sfSU5CAKFRrAlDl2gn25B0oUbDqSRHW/IG1X2rnQ3z2bBQkJyJvE4g==",
      "engines": {
        "node": ">=8.0.0"
      },
      "peerDependencies": {
        "@opentelemetry/api": "^1.0.2"
      }
    },
    "node_modules/@opentelemetry/auto-instrumentations-web": {
      "version": "0.25.0",
      "resolved": "https://registry.npmjs.org/@opentelemetry/auto-instrumentations-web/-/auto-instrumentations-web-0.25.0.tgz",
      "integrity": "sha512-IZoPBEXLTegyZfjAgC2hurfblgLRAUPVGFRPM0hiaSUJ1SsAkN0YqA0nusvxoNW/L0SF1xyfr7+4yNKozVhQXg==",
      "dependencies": {
        "@opentelemetry/instrumentation": "^0.25.0",
        "@opentelemetry/instrumentation-document-load": "^0.25.0",
        "@opentelemetry/instrumentation-fetch": "^0.25.0",
        "@opentelemetry/instrumentation-user-interaction": "^0.25.0",
        "@opentelemetry/instrumentation-xml-http-request": "^0.25.0"
      },
      "peerDependencies": {
        "@opentelemetry/api": "^1.0.2"
      }
    },
    "node_modules/@opentelemetry/core": {
      "version": "0.25.0",
      "resolved": "https://registry.npmjs.org/@opentelemetry/core/-/core-0.25.0.tgz",
      "integrity": "sha512-8OTWF4vfCENU112XB5ElLqf0eq/FhsY0SBvvY65vB3+fbZ2Oi+CPsRASrUZWGtC9MJ5rK2lBlY+/jI4a/NPPBg==",
      "dependencies": {
        "@opentelemetry/semantic-conventions": "0.25.0",
        "semver": "^7.3.5"
      },
      "engines": {
        "node": ">=8.5.0"
      },
      "peerDependencies": {
        "@opentelemetry/api": "^1.0.2"
      }
    },
    "node_modules/@opentelemetry/core/node_modules/@opentelemetry/semantic-conventions": {
      "version": "0.25.0",
      "resolved": "https://registry.npmjs.org/@opentelemetry/semantic-conventions/-/semantic-conventions-0.25.0.tgz",
      "integrity": "sha512-V3N+MDBiv0TUlorbgiSqk6CvcP876CYUk/41Tg6s8OIyvniTwprE6vPvFQayuABiVkGlHOxv1Mlvp0w4qNdnVg==",
      "engines": {
        "node": ">=8.0.0"
      }
    },
    "node_modules/@opentelemetry/instrumentation": {
      "version": "0.25.0",
      "resolved": "https://registry.npmjs.org/@opentelemetry/instrumentation/-/instrumentation-0.25.0.tgz",
      "integrity": "sha512-G9V2ISxrgUgdckZHZXu+kzeEgC76vRyZXlRdwXOT6VsJKHE+UENnC/502wNtPCFERgWSJ56W/51egkgkcKp6bA==",
      "dependencies": {
        "@opentelemetry/api-metrics": "0.25.0",
        "require-in-the-middle": "^5.0.3",
        "semver": "^7.3.2",
        "shimmer": "^1.2.1"
      },
      "peerDependencies": {
        "@opentelemetry/api": "^1.0.2"
      }
    },
    "node_modules/@opentelemetry/instrumentation-document-load": {
      "version": "0.25.0",
      "resolved": "https://registry.npmjs.org/@opentelemetry/instrumentation-document-load/-/instrumentation-document-load-0.25.0.tgz",
      "integrity": "sha512-qwQzprwDQvFt+Hvi7es/6Bmm7QTTxTL6+RbOnSE3m+DsGAvd8SUhzi3oOm6PslOsyJiMXZvDLIxApGqvE3jxpw==",
      "dependencies": {
        "@opentelemetry/core": "^0.25.0",
        "@opentelemetry/instrumentation": "^0.25.0",
        "@opentelemetry/sdk-trace-base": "^0.25.0",
        "@opentelemetry/sdk-trace-web": "^0.25.0",
        "@opentelemetry/semantic-conventions": "^0.25.0"
      },
      "engines": {
        "node": ">=8.0.0"
      },
      "peerDependencies": {
        "@opentelemetry/api": "^1.0.2"
      }
    },
    "node_modules/@opentelemetry/instrumentation-document-load/node_modules/@opentelemetry/semantic-conventions": {
      "version": "0.25.0",
      "resolved": "https://registry.npmjs.org/@opentelemetry/semantic-conventions/-/semantic-conventions-0.25.0.tgz",
      "integrity": "sha512-V3N+MDBiv0TUlorbgiSqk6CvcP876CYUk/41Tg6s8OIyvniTwprE6vPvFQayuABiVkGlHOxv1Mlvp0w4qNdnVg==",
      "engines": {
        "node": ">=8.0.0"
      }
    },
    "node_modules/@opentelemetry/instrumentation-fetch": {
      "version": "0.25.0",
      "resolved": "https://registry.npmjs.org/@opentelemetry/instrumentation-fetch/-/instrumentation-fetch-0.25.0.tgz",
      "integrity": "sha512-hZKQRoX6jNeCi5Sn/uo4lqd31DICYnq8uKk5PUkMsrzpnn77AcVSoFFMsIHdt7zWVLpeMfD979e/rAKxR2JSBg==",
      "dependencies": {
        "@opentelemetry/core": "0.25.0",
        "@opentelemetry/instrumentation": "0.25.0",
        "@opentelemetry/sdk-trace-web": "0.25.0",
        "@opentelemetry/semantic-conventions": "0.25.0"
      },
      "engines": {
        "node": ">=8.0.0"
      },
      "peerDependencies": {
        "@opentelemetry/api": "^1.0.2"
      }
    },
    "node_modules/@opentelemetry/instrumentation-fetch/node_modules/@opentelemetry/semantic-conventions": {
      "version": "0.25.0",
      "resolved": "https://registry.npmjs.org/@opentelemetry/semantic-conventions/-/semantic-conventions-0.25.0.tgz",
      "integrity": "sha512-V3N+MDBiv0TUlorbgiSqk6CvcP876CYUk/41Tg6s8OIyvniTwprE6vPvFQayuABiVkGlHOxv1Mlvp0w4qNdnVg==",
      "engines": {
        "node": ">=8.0.0"
      }
    },
    "node_modules/@opentelemetry/instrumentation-user-interaction": {
      "version": "0.25.0",
      "resolved": "https://registry.npmjs.org/@opentelemetry/instrumentation-user-interaction/-/instrumentation-user-interaction-0.25.0.tgz",
      "integrity": "sha512-6aFZdRD2GtRFSE7dWOaqXlzD1UkddSB8EcTdf9JDSBcbV+lGVqIFNA+D5EkXQmM+HWKI+5tS8/IFN/kdfuYrJA==",
      "dependencies": {
        "@opentelemetry/core": "^0.25.0",
        "@opentelemetry/instrumentation": "^0.25.0",
        "@opentelemetry/sdk-trace-web": "^0.25.0"
      },
      "engines": {
        "node": ">=8.0.0"
      },
      "peerDependencies": {
        "@opentelemetry/api": "^1.0.2",
        "zone.js": "0.11.4"
      }
    },
    "node_modules/@opentelemetry/instrumentation-xml-http-request": {
      "version": "0.25.0",
      "resolved": "https://registry.npmjs.org/@opentelemetry/instrumentation-xml-http-request/-/instrumentation-xml-http-request-0.25.0.tgz",
      "integrity": "sha512-M842qwB1j9l0KDWubJLdrKDX8tNR82ZxnYltJdwdGTdLgEKoKrdv+NPRjv+XnLKTJ8DX4PmYJmHz2Tw+ecD32A==",
      "dependencies": {
        "@opentelemetry/core": "0.25.0",
        "@opentelemetry/instrumentation": "0.25.0",
        "@opentelemetry/sdk-trace-web": "0.25.0",
        "@opentelemetry/semantic-conventions": "0.25.0"
      },
      "engines": {
        "node": ">=8.0.0"
      },
      "peerDependencies": {
        "@opentelemetry/api": "^1.0.2"
      }
    },
    "node_modules/@opentelemetry/instrumentation-xml-http-request/node_modules/@opentelemetry/semantic-conventions": {
      "version": "0.25.0",
      "resolved": "https://registry.npmjs.org/@opentelemetry/semantic-conventions/-/semantic-conventions-0.25.0.tgz",
      "integrity": "sha512-V3N+MDBiv0TUlorbgiSqk6CvcP876CYUk/41Tg6s8OIyvniTwprE6vPvFQayuABiVkGlHOxv1Mlvp0w4qNdnVg==",
      "engines": {
        "node": ">=8.0.0"
      }
    },
    "node_modules/@opentelemetry/resources": {
      "version": "1.0.0",
      "resolved": "https://registry.npmjs.org/@opentelemetry/resources/-/resources-1.0.0.tgz",
      "integrity": "sha512-ORP8F2LLcJEm5M3H24RmdlMdiDc70ySPushpkrAW34KZGdZXwkrFoFXZhhs5MUxPT+fLrTuBafXxZVr8eHtFuQ==",
      "dependencies": {
        "@opentelemetry/core": "1.0.0",
        "@opentelemetry/semantic-conventions": "1.0.0"
      },
      "engines": {
        "node": ">=8.0.0"
      },
      "peerDependencies": {
        "@opentelemetry/api": "^1.0.2"
      }
    },
    "node_modules/@opentelemetry/resources/node_modules/@opentelemetry/core": {
      "version": "1.0.0",
      "resolved": "https://registry.npmjs.org/@opentelemetry/core/-/core-1.0.0.tgz",
      "integrity": "sha512-1+qvKilADnSFW4PiXy+f7D22pvfGVxepZ69GcbF8cTcbQTUt7w63xEBWn5f5j92x9I3c0sqbW1RUx5/a4wgzxA==",
      "dependencies": {
        "@opentelemetry/semantic-conventions": "1.0.0",
        "semver": "^7.3.5"
      },
      "engines": {
        "node": ">=8.5.0"
      },
      "peerDependencies": {
        "@opentelemetry/api": "^1.0.2"
      }
    },
    "node_modules/@opentelemetry/resources/node_modules/@opentelemetry/semantic-conventions": {
      "version": "1.0.0",
      "resolved": "https://registry.npmjs.org/@opentelemetry/semantic-conventions/-/semantic-conventions-1.0.0.tgz",
      "integrity": "sha512-XCZ6ZSmc8FOspxKUU+Ow9UtJeSSRcS5rFBYGpjzix02U2v+X9ofjOjgNRnpvxlSvkccYIhdTuwcvNskmZ46SeA==",
      "engines": {
        "node": ">=8.0.0"
      }
    },
    "node_modules/@opentelemetry/sdk-trace-base": {
      "version": "0.25.0",
      "resolved": "https://registry.npmjs.org/@opentelemetry/sdk-trace-base/-/sdk-trace-base-0.25.0.tgz",
      "integrity": "sha512-TInkLSF/ThM3GNVM+9tgnCVjyNLnRxvAkG585Fhu0HNwaEtCTUwI0r7AvMRIREOreeRWttBG6kvT0LOKdo8yjw==",
      "dependencies": {
        "@opentelemetry/core": "0.25.0",
        "@opentelemetry/resources": "0.25.0",
        "@opentelemetry/semantic-conventions": "0.25.0",
        "lodash.merge": "^4.6.2"
      },
      "engines": {
        "node": ">=8.0.0"
      },
      "peerDependencies": {
        "@opentelemetry/api": "^1.0.2"
      }
    },
    "node_modules/@opentelemetry/sdk-trace-base/node_modules/@opentelemetry/resources": {
      "version": "0.25.0",
      "resolved": "https://registry.npmjs.org/@opentelemetry/resources/-/resources-0.25.0.tgz",
      "integrity": "sha512-O46u53vDBlxCML8O9dIjsRcCC2VT5ri1upwhp02ITobgJ16aVD/iScCo1lPl/x2E7yq9uwzMINENiiYZRFb6XA==",
      "dependencies": {
        "@opentelemetry/core": "0.25.0",
        "@opentelemetry/semantic-conventions": "0.25.0"
      },
      "engines": {
        "node": ">=8.0.0"
      },
      "peerDependencies": {
        "@opentelemetry/api": "^1.0.2"
      }
    },
    "node_modules/@opentelemetry/sdk-trace-base/node_modules/@opentelemetry/semantic-conventions": {
      "version": "0.25.0",
      "resolved": "https://registry.npmjs.org/@opentelemetry/semantic-conventions/-/semantic-conventions-0.25.0.tgz",
      "integrity": "sha512-V3N+MDBiv0TUlorbgiSqk6CvcP876CYUk/41Tg6s8OIyvniTwprE6vPvFQayuABiVkGlHOxv1Mlvp0w4qNdnVg==",
      "engines": {
        "node": ">=8.0.0"
      }
    },
    "node_modules/@opentelemetry/sdk-trace-web": {
      "version": "0.25.0",
      "resolved": "https://registry.npmjs.org/@opentelemetry/sdk-trace-web/-/sdk-trace-web-0.25.0.tgz",
      "integrity": "sha512-5+X89BPgNnJ3pzLNI3L7+xeoe2yt6Q//kdS3Ox2vYTTMnVEw+Ee8UummkiWki5Q4XTK6FbaIRcAOhrQtBmi+Jg==",
      "dependencies": {
        "@opentelemetry/core": "0.25.0",
        "@opentelemetry/sdk-trace-base": "0.25.0",
        "@opentelemetry/semantic-conventions": "0.25.0"
      },
      "engines": {
        "node": ">=8.0.0"
      },
      "peerDependencies": {
        "@opentelemetry/api": "^1.0.2"
      }
    },
    "node_modules/@opentelemetry/sdk-trace-web/node_modules/@opentelemetry/semantic-conventions": {
      "version": "0.25.0",
      "resolved": "https://registry.npmjs.org/@opentelemetry/semantic-conventions/-/semantic-conventions-0.25.0.tgz",
      "integrity": "sha512-V3N+MDBiv0TUlorbgiSqk6CvcP876CYUk/41Tg6s8OIyvniTwprE6vPvFQayuABiVkGlHOxv1Mlvp0w4qNdnVg==",
      "engines": {
        "node": ">=8.0.0"
      }
    },
    "node_modules/@opentelemetry/semantic-conventions": {
      "version": "1.0.0",
      "resolved": "https://registry.npmjs.org/@opentelemetry/semantic-conventions/-/semantic-conventions-1.0.0.tgz",
      "integrity": "sha512-XCZ6ZSmc8FOspxKUU+Ow9UtJeSSRcS5rFBYGpjzix02U2v+X9ofjOjgNRnpvxlSvkccYIhdTuwcvNskmZ46SeA==",
      "engines": {
        "node": ">=8.0.0"
      }
    },
    "node_modules/debug": {
      "version": "4.3.2",
      "resolved": "https://registry.npmjs.org/debug/-/debug-4.3.2.tgz",
      "integrity": "sha512-mOp8wKcvj7XxC78zLgw/ZA+6TSgkoE2C/ienthhRD298T7UNwAg9diBpLRxC0mOezLl4B0xV7M0cCO6P/O0Xhw==",
      "dependencies": {
        "ms": "2.1.2"
      },
      "engines": {
        "node": ">=6.0"
      },
      "peerDependenciesMeta": {
        "supports-color": {
          "optional": true
        }
      }
    },
    "node_modules/function-bind": {
      "version": "1.1.1",
      "resolved": "https://registry.npmjs.org/function-bind/-/function-bind-1.1.1.tgz",
      "integrity": "sha512-yIovAzMX49sF8Yl58fSCWJ5svSLuaibPxXQJFLmBObTuCr0Mf1KiPopGM9NiFjiYBCbfaa2Fh6breQ6ANVTI0A=="
    },
    "node_modules/has": {
      "version": "1.0.3",
      "resolved": "https://registry.npmjs.org/has/-/has-1.0.3.tgz",
      "integrity": "sha512-f2dvO0VU6Oej7RkWJGrehjbzMAjFp5/VKPp5tTpWIV4JHHZK1/BxbFRtf/siA2SWTe09caDmVtYYzWEIbBS4zw==",
      "dependencies": {
        "function-bind": "^1.1.1"
      },
      "engines": {
        "node": ">= 0.4.0"
      }
    },
    "node_modules/is-core-module": {
      "version": "2.8.0",
      "resolved": "https://registry.npmjs.org/is-core-module/-/is-core-module-2.8.0.tgz",
      "integrity": "sha512-vd15qHsaqrRL7dtH6QNuy0ndJmRDrS9HAM1CAiSifNUFv4x1a0CCVsj18hJ1mShxIG6T2i1sO78MkP56r0nYRw==",
      "dependencies": {
        "has": "^1.0.3"
      },
      "funding": {
        "url": "https://github.com/sponsors/ljharb"
      }
    },
    "node_modules/lodash.merge": {
      "version": "4.6.2",
      "resolved": "https://registry.npmjs.org/lodash.merge/-/lodash.merge-4.6.2.tgz",
      "integrity": "sha512-0KpjqXRVvrYyCsX1swR/XTK0va6VQkQM6MNo7PqW77ByjAhoARA8EfrP1N4+KlKj8YS0ZUCtRT/YUuhyYDujIQ=="
    },
    "node_modules/lru-cache": {
      "version": "6.0.0",
      "resolved": "https://registry.npmjs.org/lru-cache/-/lru-cache-6.0.0.tgz",
      "integrity": "sha512-Jo6dJ04CmSjuznwJSS3pUeWmd/H0ffTlkXXgwZi+eq1UCmqQwCh+eLsYOYCwY991i2Fah4h1BEMCx4qThGbsiA==",
      "dependencies": {
        "yallist": "^4.0.0"
      },
      "engines": {
        "node": ">=10"
      }
    },
    "node_modules/module-details-from-path": {
      "version": "1.0.3",
      "resolved": "https://registry.npmjs.org/module-details-from-path/-/module-details-from-path-1.0.3.tgz",
      "integrity": "sha1-EUyUlnPiqKNenTV4hSeqN7Z52is="
    },
    "node_modules/ms": {
      "version": "2.1.2",
      "resolved": "https://registry.npmjs.org/ms/-/ms-2.1.2.tgz",
      "integrity": "sha512-sGkPx+VjMtmA6MX27oA4FBFELFCZZ4S4XqeGOXCv68tT+jb3vk/RyaKWP0PTKyWtmLSM0b+adUTEvbs1PEaH2w=="
    },
    "node_modules/path-parse": {
      "version": "1.0.7",
      "resolved": "https://registry.npmjs.org/path-parse/-/path-parse-1.0.7.tgz",
      "integrity": "sha512-LDJzPVEEEPR+y48z93A0Ed0yXb8pAByGWo/k5YYdYgpY2/2EsOsksJrq7lOHxryrVOn1ejG6oAp8ahvOIQD8sw=="
    },
    "node_modules/require-in-the-middle": {
      "version": "5.1.0",
      "resolved": "https://registry.npmjs.org/require-in-the-middle/-/require-in-the-middle-5.1.0.tgz",
      "integrity": "sha512-M2rLKVupQfJ5lf9OvqFGIT+9iVLnTmjgbOmpil12hiSQNn5zJTKGPoIisETNjfK+09vP3rpm1zJajmErpr2sEQ==",
      "dependencies": {
        "debug": "^4.1.1",
        "module-details-from-path": "^1.0.3",
        "resolve": "^1.12.0"
      }
    },
    "node_modules/resolve": {
      "version": "1.20.0",
      "resolved": "https://registry.npmjs.org/resolve/-/resolve-1.20.0.tgz",
      "integrity": "sha512-wENBPt4ySzg4ybFQW2TT1zMQucPK95HSh/nq2CFTZVOGut2+pQvSsgtda4d26YrYcr067wjbmzOG8byDPBX63A==",
      "dependencies": {
        "is-core-module": "^2.2.0",
        "path-parse": "^1.0.6"
      },
      "funding": {
        "url": "https://github.com/sponsors/ljharb"
      }
    },
    "node_modules/semver": {
      "version": "7.3.5",
      "resolved": "https://registry.npmjs.org/semver/-/semver-7.3.5.tgz",
      "integrity": "sha512-PoeGJYh8HK4BTO/a9Tf6ZG3veo/A7ZVsYrSA6J8ny9nb3B1VrpkuN+z9OE5wfE5p6H4LchYZsegiQgbJD94ZFQ==",
      "dependencies": {
        "lru-cache": "^6.0.0"
      },
      "bin": {
        "semver": "bin/semver.js"
      },
      "engines": {
        "node": ">=10"
      }
    },
    "node_modules/shimmer": {
      "version": "1.2.1",
      "resolved": "https://registry.npmjs.org/shimmer/-/shimmer-1.2.1.tgz",
      "integrity": "sha512-sQTKC1Re/rM6XyFM6fIAGHRPVGvyXfgzIDvzoq608vM+jeyVD0Tu1E6Np0Kc2zAIFWIj963V2800iF/9LPieQw=="
    },
    "node_modules/tslib": {
      "version": "2.3.1",
      "resolved": "https://registry.npmjs.org/tslib/-/tslib-2.3.1.tgz",
      "integrity": "sha512-77EbyPPpMz+FRFRuAFlWMtmgUWGe9UOG2Z25NqCwiIjRhOf5iKGuzSe5P2w1laq+FkRy4p+PCuVkJSGkzTEKVw=="
    },
    "node_modules/yallist": {
      "version": "4.0.0",
      "resolved": "https://registry.npmjs.org/yallist/-/yallist-4.0.0.tgz",
      "integrity": "sha512-3wdGidZyq5PB084XLES5TpOSRA3wjXAlIWMhum2kRcv/41Sn2emQ0dycQW4uZXLejwKvg6EsvbdlVL+FYEct7A=="
    },
    "node_modules/zone.js": {
      "version": "0.11.4",
      "resolved": "https://registry.npmjs.org/zone.js/-/zone.js-0.11.4.tgz",
      "integrity": "sha512-DDh2Ab+A/B+9mJyajPjHFPWfYU1H+pdun4wnnk0OcQTNjem1XQSZ2CDW+rfZEUDjv5M19SBqAkjZi0x5wuB5Qw==",
      "dependencies": {
        "tslib": "^2.0.0"
      }
    }
  },
  "dependencies": {
    "@opentelemetry/api": {
      "version": "1.0.3",
      "resolved": "https://registry.npmjs.org/@opentelemetry/api/-/api-1.0.3.tgz",
      "integrity": "sha512-puWxACExDe9nxbBB3lOymQFrLYml2dVOrd7USiVRnSbgXE+KwBu+HxFvxrzfqsiSda9IWsXJG1ef7C1O2/GmKQ=="
    },
    "@opentelemetry/api-metrics": {
      "version": "0.25.0",
      "resolved": "https://registry.npmjs.org/@opentelemetry/api-metrics/-/api-metrics-0.25.0.tgz",
      "integrity": "sha512-9T0c9NQAEGRujUC7HzPa2/qZ5px/UvB2sfSU5CAKFRrAlDl2gn25B0oUbDqSRHW/IG1X2rnQ3z2bBQkJyJvE4g==",
      "requires": {}
    },
    "@opentelemetry/auto-instrumentations-web": {
      "version": "0.25.0",
      "resolved": "https://registry.npmjs.org/@opentelemetry/auto-instrumentations-web/-/auto-instrumentations-web-0.25.0.tgz",
      "integrity": "sha512-IZoPBEXLTegyZfjAgC2hurfblgLRAUPVGFRPM0hiaSUJ1SsAkN0YqA0nusvxoNW/L0SF1xyfr7+4yNKozVhQXg==",
      "requires": {
        "@opentelemetry/instrumentation": "^0.25.0",
        "@opentelemetry/instrumentation-document-load": "^0.25.0",
        "@opentelemetry/instrumentation-fetch": "^0.25.0",
        "@opentelemetry/instrumentation-user-interaction": "^0.25.0",
        "@opentelemetry/instrumentation-xml-http-request": "^0.25.0"
      }
    },
    "@opentelemetry/core": {
      "version": "0.25.0",
      "resolved": "https://registry.npmjs.org/@opentelemetry/core/-/core-0.25.0.tgz",
      "integrity": "sha512-8OTWF4vfCENU112XB5ElLqf0eq/FhsY0SBvvY65vB3+fbZ2Oi+CPsRASrUZWGtC9MJ5rK2lBlY+/jI4a/NPPBg==",
      "requires": {
        "@opentelemetry/semantic-conventions": "0.25.0",
        "semver": "^7.3.5"
      },
      "dependencies": {
        "@opentelemetry/semantic-conventions": {
          "version": "0.25.0",
          "resolved": "https://registry.npmjs.org/@opentelemetry/semantic-conventions/-/semantic-conventions-0.25.0.tgz",
          "integrity": "sha512-V3N+MDBiv0TUlorbgiSqk6CvcP876CYUk/41Tg6s8OIyvniTwprE6vPvFQayuABiVkGlHOxv1Mlvp0w4qNdnVg=="
        }
      }
    },
    "@opentelemetry/instrumentation": {
      "version": "0.25.0",
      "resolved": "https://registry.npmjs.org/@opentelemetry/instrumentation/-/instrumentation-0.25.0.tgz",
      "integrity": "sha512-G9V2ISxrgUgdckZHZXu+kzeEgC76vRyZXlRdwXOT6VsJKHE+UENnC/502wNtPCFERgWSJ56W/51egkgkcKp6bA==",
      "requires": {
        "@opentelemetry/api-metrics": "0.25.0",
        "require-in-the-middle": "^5.0.3",
        "semver": "^7.3.2",
        "shimmer": "^1.2.1"
      }
    },
    "@opentelemetry/instrumentation-document-load": {
      "version": "0.25.0",
      "resolved": "https://registry.npmjs.org/@opentelemetry/instrumentation-document-load/-/instrumentation-document-load-0.25.0.tgz",
      "integrity": "sha512-qwQzprwDQvFt+Hvi7es/6Bmm7QTTxTL6+RbOnSE3m+DsGAvd8SUhzi3oOm6PslOsyJiMXZvDLIxApGqvE3jxpw==",
      "requires": {
        "@opentelemetry/core": "^0.25.0",
        "@opentelemetry/instrumentation": "^0.25.0",
        "@opentelemetry/sdk-trace-base": "^0.25.0",
        "@opentelemetry/sdk-trace-web": "^0.25.0",
        "@opentelemetry/semantic-conventions": "^0.25.0"
      },
      "dependencies": {
        "@opentelemetry/semantic-conventions": {
          "version": "0.25.0",
          "resolved": "https://registry.npmjs.org/@opentelemetry/semantic-conventions/-/semantic-conventions-0.25.0.tgz",
          "integrity": "sha512-V3N+MDBiv0TUlorbgiSqk6CvcP876CYUk/41Tg6s8OIyvniTwprE6vPvFQayuABiVkGlHOxv1Mlvp0w4qNdnVg=="
        }
      }
    },
    "@opentelemetry/instrumentation-fetch": {
      "version": "0.25.0",
      "resolved": "https://registry.npmjs.org/@opentelemetry/instrumentation-fetch/-/instrumentation-fetch-0.25.0.tgz",
      "integrity": "sha512-hZKQRoX6jNeCi5Sn/uo4lqd31DICYnq8uKk5PUkMsrzpnn77AcVSoFFMsIHdt7zWVLpeMfD979e/rAKxR2JSBg==",
      "requires": {
        "@opentelemetry/core": "0.25.0",
        "@opentelemetry/instrumentation": "0.25.0",
        "@opentelemetry/sdk-trace-web": "0.25.0",
        "@opentelemetry/semantic-conventions": "0.25.0"
      },
      "dependencies": {
        "@opentelemetry/semantic-conventions": {
          "version": "0.25.0",
          "resolved": "https://registry.npmjs.org/@opentelemetry/semantic-conventions/-/semantic-conventions-0.25.0.tgz",
          "integrity": "sha512-V3N+MDBiv0TUlorbgiSqk6CvcP876CYUk/41Tg6s8OIyvniTwprE6vPvFQayuABiVkGlHOxv1Mlvp0w4qNdnVg=="
        }
      }
    },
    "@opentelemetry/instrumentation-user-interaction": {
      "version": "0.25.0",
      "resolved": "https://registry.npmjs.org/@opentelemetry/instrumentation-user-interaction/-/instrumentation-user-interaction-0.25.0.tgz",
      "integrity": "sha512-6aFZdRD2GtRFSE7dWOaqXlzD1UkddSB8EcTdf9JDSBcbV+lGVqIFNA+D5EkXQmM+HWKI+5tS8/IFN/kdfuYrJA==",
      "requires": {
        "@opentelemetry/core": "^0.25.0",
        "@opentelemetry/instrumentation": "^0.25.0",
        "@opentelemetry/sdk-trace-web": "^0.25.0"
      }
    },
    "@opentelemetry/instrumentation-xml-http-request": {
      "version": "0.25.0",
      "resolved": "https://registry.npmjs.org/@opentelemetry/instrumentation-xml-http-request/-/instrumentation-xml-http-request-0.25.0.tgz",
      "integrity": "sha512-M842qwB1j9l0KDWubJLdrKDX8tNR82ZxnYltJdwdGTdLgEKoKrdv+NPRjv+XnLKTJ8DX4PmYJmHz2Tw+ecD32A==",
      "requires": {
        "@opentelemetry/core": "0.25.0",
        "@opentelemetry/instrumentation": "0.25.0",
        "@opentelemetry/sdk-trace-web": "0.25.0",
        "@opentelemetry/semantic-conventions": "0.25.0"
      },
      "dependencies": {
        "@opentelemetry/semantic-conventions": {
          "version": "0.25.0",
          "resolved": "https://registry.npmjs.org/@opentelemetry/semantic-conventions/-/semantic-conventions-0.25.0.tgz",
          "integrity": "sha512-V3N+MDBiv0TUlorbgiSqk6CvcP876CYUk/41Tg6s8OIyvniTwprE6vPvFQayuABiVkGlHOxv1Mlvp0w4qNdnVg=="
        }
      }
    },
    "@opentelemetry/resources": {
      "version": "1.0.0",
      "resolved": "https://registry.npmjs.org/@opentelemetry/resources/-/resources-1.0.0.tgz",
      "integrity": "sha512-ORP8F2LLcJEm5M3H24RmdlMdiDc70ySPushpkrAW34KZGdZXwkrFoFXZhhs5MUxPT+fLrTuBafXxZVr8eHtFuQ==",
      "requires": {
        "@opentelemetry/core": "1.0.0",
        "@opentelemetry/semantic-conventions": "1.0.0"
      },
      "dependencies": {
        "@opentelemetry/core": {
          "version": "1.0.0",
          "resolved": "https://registry.npmjs.org/@opentelemetry/core/-/core-1.0.0.tgz",
          "integrity": "sha512-1+qvKilADnSFW4PiXy+f7D22pvfGVxepZ69GcbF8cTcbQTUt7w63xEBWn5f5j92x9I3c0sqbW1RUx5/a4wgzxA==",
          "requires": {
            "@opentelemetry/semantic-conventions": "1.0.0",
            "semver": "^7.3.5"
          }
        },
        "@opentelemetry/semantic-conventions": {
          "version": "1.0.0",
          "resolved": "https://registry.npmjs.org/@opentelemetry/semantic-conventions/-/semantic-conventions-1.0.0.tgz",
          "integrity": "sha512-XCZ6ZSmc8FOspxKUU+Ow9UtJeSSRcS5rFBYGpjzix02U2v+X9ofjOjgNRnpvxlSvkccYIhdTuwcvNskmZ46SeA=="
        }
      }
    },
    "@opentelemetry/sdk-trace-base": {
      "version": "0.25.0",
      "resolved": "https://registry.npmjs.org/@opentelemetry/sdk-trace-base/-/sdk-trace-base-0.25.0.tgz",
      "integrity": "sha512-TInkLSF/ThM3GNVM+9tgnCVjyNLnRxvAkG585Fhu0HNwaEtCTUwI0r7AvMRIREOreeRWttBG6kvT0LOKdo8yjw==",
      "requires": {
        "@opentelemetry/core": "0.25.0",
        "@opentelemetry/resources": "0.25.0",
        "@opentelemetry/semantic-conventions": "0.25.0",
        "lodash.merge": "^4.6.2"
      },
      "dependencies": {
        "@opentelemetry/resources": {
          "version": "0.25.0",
          "resolved": "https://registry.npmjs.org/@opentelemetry/resources/-/resources-0.25.0.tgz",
          "integrity": "sha512-O46u53vDBlxCML8O9dIjsRcCC2VT5ri1upwhp02ITobgJ16aVD/iScCo1lPl/x2E7yq9uwzMINENiiYZRFb6XA==",
          "requires": {
            "@opentelemetry/core": "0.25.0",
            "@opentelemetry/semantic-conventions": "0.25.0"
          }
        },
        "@opentelemetry/semantic-conventions": {
          "version": "0.25.0",
          "resolved": "https://registry.npmjs.org/@opentelemetry/semantic-conventions/-/semantic-conventions-0.25.0.tgz",
          "integrity": "sha512-V3N+MDBiv0TUlorbgiSqk6CvcP876CYUk/41Tg6s8OIyvniTwprE6vPvFQayuABiVkGlHOxv1Mlvp0w4qNdnVg=="
        }
      }
    },
    "@opentelemetry/sdk-trace-web": {
      "version": "0.25.0",
      "resolved": "https://registry.npmjs.org/@opentelemetry/sdk-trace-web/-/sdk-trace-web-0.25.0.tgz",
      "integrity": "sha512-5+X89BPgNnJ3pzLNI3L7+xeoe2yt6Q//kdS3Ox2vYTTMnVEw+Ee8UummkiWki5Q4XTK6FbaIRcAOhrQtBmi+Jg==",
      "requires": {
        "@opentelemetry/core": "0.25.0",
        "@opentelemetry/sdk-trace-base": "0.25.0",
        "@opentelemetry/semantic-conventions": "0.25.0"
      },
      "dependencies": {
        "@opentelemetry/semantic-conventions": {
          "version": "0.25.0",
          "resolved": "https://registry.npmjs.org/@opentelemetry/semantic-conventions/-/semantic-conventions-0.25.0.tgz",
          "integrity": "sha512-V3N+MDBiv0TUlorbgiSqk6CvcP876CYUk/41Tg6s8OIyvniTwprE6vPvFQayuABiVkGlHOxv1Mlvp0w4qNdnVg=="
        }
      }
    },
    "@opentelemetry/semantic-conventions": {
      "version": "1.0.0",
      "resolved": "https://registry.npmjs.org/@opentelemetry/semantic-conventions/-/semantic-conventions-1.0.0.tgz",
      "integrity": "sha512-XCZ6ZSmc8FOspxKUU+Ow9UtJeSSRcS5rFBYGpjzix02U2v+X9ofjOjgNRnpvxlSvkccYIhdTuwcvNskmZ46SeA=="
    },
    "debug": {
      "version": "4.3.2",
      "resolved": "https://registry.npmjs.org/debug/-/debug-4.3.2.tgz",
      "integrity": "sha512-mOp8wKcvj7XxC78zLgw/ZA+6TSgkoE2C/ienthhRD298T7UNwAg9diBpLRxC0mOezLl4B0xV7M0cCO6P/O0Xhw==",
      "requires": {
        "ms": "2.1.2"
      }
    },
    "function-bind": {
      "version": "1.1.1",
      "resolved": "https://registry.npmjs.org/function-bind/-/function-bind-1.1.1.tgz",
      "integrity": "sha512-yIovAzMX49sF8Yl58fSCWJ5svSLuaibPxXQJFLmBObTuCr0Mf1KiPopGM9NiFjiYBCbfaa2Fh6breQ6ANVTI0A=="
    },
    "has": {
      "version": "1.0.3",
      "resolved": "https://registry.npmjs.org/has/-/has-1.0.3.tgz",
      "integrity": "sha512-f2dvO0VU6Oej7RkWJGrehjbzMAjFp5/VKPp5tTpWIV4JHHZK1/BxbFRtf/siA2SWTe09caDmVtYYzWEIbBS4zw==",
      "requires": {
        "function-bind": "^1.1.1"
      }
    },
    "is-core-module": {
      "version": "2.8.0",
      "resolved": "https://registry.npmjs.org/is-core-module/-/is-core-module-2.8.0.tgz",
      "integrity": "sha512-vd15qHsaqrRL7dtH6QNuy0ndJmRDrS9HAM1CAiSifNUFv4x1a0CCVsj18hJ1mShxIG6T2i1sO78MkP56r0nYRw==",
      "requires": {
        "has": "^1.0.3"
      }
    },
    "lodash.merge": {
      "version": "4.6.2",
      "resolved": "https://registry.npmjs.org/lodash.merge/-/lodash.merge-4.6.2.tgz",
      "integrity": "sha512-0KpjqXRVvrYyCsX1swR/XTK0va6VQkQM6MNo7PqW77ByjAhoARA8EfrP1N4+KlKj8YS0ZUCtRT/YUuhyYDujIQ=="
    },
    "lru-cache": {
      "version": "6.0.0",
      "resolved": "https://registry.npmjs.org/lru-cache/-/lru-cache-6.0.0.tgz",
      "integrity": "sha512-Jo6dJ04CmSjuznwJSS3pUeWmd/H0ffTlkXXgwZi+eq1UCmqQwCh+eLsYOYCwY991i2Fah4h1BEMCx4qThGbsiA==",
      "requires": {
        "yallist": "^4.0.0"
      }
    },
    "module-details-from-path": {
      "version": "1.0.3",
      "resolved": "https://registry.npmjs.org/module-details-from-path/-/module-details-from-path-1.0.3.tgz",
      "integrity": "sha1-EUyUlnPiqKNenTV4hSeqN7Z52is="
    },
    "ms": {
      "version": "2.1.2",
      "resolved": "https://registry.npmjs.org/ms/-/ms-2.1.2.tgz",
      "integrity": "sha512-sGkPx+VjMtmA6MX27oA4FBFELFCZZ4S4XqeGOXCv68tT+jb3vk/RyaKWP0PTKyWtmLSM0b+adUTEvbs1PEaH2w=="
    },
    "path-parse": {
      "version": "1.0.7",
      "resolved": "https://registry.npmjs.org/path-parse/-/path-parse-1.0.7.tgz",
      "integrity": "sha512-LDJzPVEEEPR+y48z93A0Ed0yXb8pAByGWo/k5YYdYgpY2/2EsOsksJrq7lOHxryrVOn1ejG6oAp8ahvOIQD8sw=="
    },
    "require-in-the-middle": {
      "version": "5.1.0",
      "resolved": "https://registry.npmjs.org/require-in-the-middle/-/require-in-the-middle-5.1.0.tgz",
      "integrity": "sha512-M2rLKVupQfJ5lf9OvqFGIT+9iVLnTmjgbOmpil12hiSQNn5zJTKGPoIisETNjfK+09vP3rpm1zJajmErpr2sEQ==",
      "requires": {
        "debug": "^4.1.1",
        "module-details-from-path": "^1.0.3",
        "resolve": "^1.12.0"
      }
    },
    "resolve": {
      "version": "1.20.0",
      "resolved": "https://registry.npmjs.org/resolve/-/resolve-1.20.0.tgz",
      "integrity": "sha512-wENBPt4ySzg4ybFQW2TT1zMQucPK95HSh/nq2CFTZVOGut2+pQvSsgtda4d26YrYcr067wjbmzOG8byDPBX63A==",
      "requires": {
        "is-core-module": "^2.2.0",
        "path-parse": "^1.0.6"
      }
    },
    "semver": {
      "version": "7.3.5",
      "resolved": "https://registry.npmjs.org/semver/-/semver-7.3.5.tgz",
      "integrity": "sha512-PoeGJYh8HK4BTO/a9Tf6ZG3veo/A7ZVsYrSA6J8ny9nb3B1VrpkuN+z9OE5wfE5p6H4LchYZsegiQgbJD94ZFQ==",
      "requires": {
        "lru-cache": "^6.0.0"
      }
    },
    "shimmer": {
      "version": "1.2.1",
      "resolved": "https://registry.npmjs.org/shimmer/-/shimmer-1.2.1.tgz",
      "integrity": "sha512-sQTKC1Re/rM6XyFM6fIAGHRPVGvyXfgzIDvzoq608vM+jeyVD0Tu1E6Np0Kc2zAIFWIj963V2800iF/9LPieQw=="
    },
    "tslib": {
      "version": "2.3.1",
      "resolved": "https://registry.npmjs.org/tslib/-/tslib-2.3.1.tgz",
      "integrity": "sha512-77EbyPPpMz+FRFRuAFlWMtmgUWGe9UOG2Z25NqCwiIjRhOf5iKGuzSe5P2w1laq+FkRy4p+PCuVkJSGkzTEKVw=="
    },
    "yallist": {
      "version": "4.0.0",
      "resolved": "https://registry.npmjs.org/yallist/-/yallist-4.0.0.tgz",
      "integrity": "sha512-3wdGidZyq5PB084XLES5TpOSRA3wjXAlIWMhum2kRcv/41Sn2emQ0dycQW4uZXLejwKvg6EsvbdlVL+FYEct7A=="
    },
    "zone.js": {
      "version": "0.11.4",
      "resolved": "https://registry.npmjs.org/zone.js/-/zone.js-0.11.4.tgz",
      "integrity": "sha512-DDh2Ab+A/B+9mJyajPjHFPWfYU1H+pdun4wnnk0OcQTNjem1XQSZ2CDW+rfZEUDjv5M19SBqAkjZi0x5wuB5Qw==",
      "requires": {
        "tslib": "^2.0.0"
      }
    }
  }
}
